
Microsoft Visual Studio Solution File, Format Version 12.00
# Visual Studio 15
VisualStudioVersion = 15.0.28307.852
MinimumVisualStudioVersion = 10.0.40219.1
Project("{FAE04EC0-301F-11D3-BF4B-00C04F79EFBC}") = "Windows", "Windows\Windows.csproj", "{794A9C1D-6557-4DB0-A8B8-C73C8652EAA1}"
EndProject
Project("{FAE04EC0-301F-11D3-BF4B-00C04F79EFBC}") = "Server", "Server\Server.csproj", "{C0FB6E57-F322-4396-89CB-668E7104E13E}"
EndProject
Project("{FAE04EC0-301F-11D3-BF4B-00C04F79EFBC}") = "ClassLibrary", "ClassLibrary\ClassLibrary.csproj", "{66CB6CD3-040E-4E6C-ADB1-8965ED1A36EC}"
EndProject
Global
	GlobalSection(SolutionConfigurationPlatforms) = preSolution
		Debug|Any CPU = Debug|Any CPU
		Release|Any CPU = Release|Any CPU
	EndGlobalSection
	GlobalSection(ProjectConfigurationPlatforms) = postSolution
		{794A9C1D-6557-4DB0-A8B8-C73C8652EAA1}.Debug|Any CPU.ActiveCfg = Debug|Any CPU
		{794A9C1D-6557-4DB0-A8B8-C73C8652EAA1}.Debug|Any CPU.Build.0 = Debug|Any CPU
		{794A9C1D-6557-4DB0-A8B8-C73C8652EAA1}.Release|Any CPU.ActiveCfg = Release|Any CPU
		{794A9C1D-6557-4DB0-A8B8-C73C8652EAA1}.Release|Any CPU.Build.0 = Release|Any CPU
		{C0FB6E57-F322-4396-89CB-668E7104E13E}.Debug|Any CPU.ActiveCfg = Debug|Any CPU
		{C0FB6E57-F322-4396-89CB-668E7104E13E}.Debug|Any CPU.Build.0 = Debug|Any CPU
		{C0FB6E57-F322-4396-89CB-668E7104E13E}.Release|Any CPU.ActiveCfg = Release|Any CPU
		{C0FB6E57-F322-4396-89CB-668E7104E13E}.Release|Any CPU.Build.0 = Release|Any CPU
		{66CB6CD3-040E-4E6C-ADB1-8965ED1A36EC}.Debug|Any CPU.ActiveCfg = Debug|Any CPU
		{66CB6CD3-040E-4E6C-ADB1-8965ED1A36EC}.Debug|Any CPU.Build.0 = Debug|Any CPU
		{66CB6CD3-040E-4E6C-ADB1-8965ED1A36EC}.Release|Any CPU.ActiveCfg = Release|Any CPU
		{66CB6CD3-040E-4E6C-ADB1-8965ED1A36EC}.Release|Any CPU.Build.0 = Release|Any CPU
	EndGlobalSection
	GlobalSection(SolutionProperties) = preSolution
		HideSolutionNode = FALSE
	EndGlobalSection
	GlobalSection(ExtensibilityGlobals) = postSolution
		SolutionGuid = {7FC59AB7-8D1F-433C-AEA5-B3D266955A11}
	EndGlobalSection
EndGlobal
